
Microsoft Visual Studio Solution File, Format Version 12.00
# Visual Studio 15
VisualStudioVersion = 15.0.28307.1231
MinimumVisualStudioVersion = 10.0.40219.1
Project("{FAE04EC0-301F-11D3-BF4B-00C04F79EFBC}") = "PasswordHashTests", "PasswordHashTests\PasswordHashTests.csproj", "{9E7AF957-494C-4AC5-8A78-45914F9337A5}"
EndProject
Global
	GlobalSection(SolutionConfigurationPlatforms) = preSolution
		Debug|Any CPU = Debug|Any CPU
		Release|Any CPU = Release|Any CPU
	EndGlobalSection
	GlobalSection(ProjectConfigurationPlatforms) = postSolution
		{9E7AF957-494C-4AC5-8A78-45914F9337A5}.Debug|Any CPU.ActiveCfg = Debug|Any CPU
		{9E7AF957-494C-4AC5-8A78-45914F9337A5}.Debug|Any CPU.Build.0 = Debug|Any CPU
		{9E7AF957-494C-4AC5-8A78-45914F9337A5}.Release|Any CPU.ActiveCfg = Release|Any CPU
		{9E7AF957-494C-4AC5-8A78-45914F9337A5}.Release|Any CPU.Build.0 = Release|Any CPU
	EndGlobalSection
	GlobalSection(SolutionProperties) = preSolution
		HideSolutionNode = FALSE
	EndGlobalSection
	GlobalSection(ExtensibilityGlobals) = postSolution
		SolutionGuid = {230ECF64-4DC7-450A-86CC-AFB2DB4F5B40}
	EndGlobalSection
EndGlobal
